
Microsoft Visual Studio Solution File, Format Version 12.00
# Visual Studio Version 17
VisualStudioVersion = 17.6.33801.468
MinimumVisualStudioVersion = 10.0.40219.1
Project("{2150E333-8FDC-42A3-9474-1A3956D46DE8}") = "src", "src", "{883D6593-F8C6-4A1E-A132-DE532E51EA9D}"
EndProject
Project("{2150E333-8FDC-42A3-9474-1A3956D46DE8}") = "Solution Items", "Solution Items", "{F037789C-5A45-4A49-9F6E-F00A71D9D587}"
	ProjectSection(SolutionItems) = preProject
		readme.md = readme.md
	EndProjectSection
EndProject
Project("{2150E333-8FDC-42A3-9474-1A3956D46DE8}") = "Services", "Services", "{ED78AB4D-7029-4F70-8E20-52EB4BAD7AA9}"
EndProject
Project("{2150E333-8FDC-42A3-9474-1A3956D46DE8}") = "Clients", "Clients", "{4456ECC6-C505-4E63-A99B-A603C6FE21A0}"
EndProject
Project("{2150E333-8FDC-42A3-9474-1A3956D46DE8}") = "Web", "Web", "{C89FA778-A04A-422A-83E2-AA84B3510027}"
EndProject
Project("{9A19103F-16F7-4668-BE54-9A1E7A4F7556}") = "PhoneBook.Web.Business", "src\Clients\Web\PhoneBook.Web.Business\PhoneBook.Web.Business.csproj", "{BA2A8170-A972-4539-959E-0E48350A00EB}"
EndProject
Project("{9A19103F-16F7-4668-BE54-9A1E7A4F7556}") = "PhoneBook.Web.Core", "src\Clients\Web\PhoneBook.Web.Core\PhoneBook.Web.Core.csproj", "{260A68B1-1EB7-4DCA-9E0B-08531738D645}"
EndProject
Project("{9A19103F-16F7-4668-BE54-9A1E7A4F7556}") = "PhoneBook.Web.WebApp", "src\Clients\Web\PhoneBook.Web.WebApp\PhoneBook.Web.WebApp.csproj", "{76091520-EB30-49F9-BD4E-43D608CF8CEA}"
EndProject
Project("{2150E333-8FDC-42A3-9474-1A3956D46DE8}") = "ReportService", "ReportService", "{A725B616-C59C-44C1-89C8-F0FC6F6742E9}"
EndProject
Project("{2150E333-8FDC-42A3-9474-1A3956D46DE8}") = "AppGateways", "AppGateways", "{65C94D01-A13C-4B71-9F7C-0738801FB32E}"
EndProject
Project("{2150E333-8FDC-42A3-9474-1A3956D46DE8}") = "Report", "Report", "{5CCFAE29-04F1-4CCB-94AD-194311E11862}"
EndProject
Project("{2150E333-8FDC-42A3-9474-1A3956D46DE8}") = "BuildingBlocks", "BuildingBlocks", "{0B9B6382-45F5-46FB-AD73-A01B387E0873}"
EndProject
Project("{2150E333-8FDC-42A3-9474-1A3956D46DE8}") = "EventBus", "EventBus", "{28911D5E-E450-447B-B477-EF4F32ACB815}"
EndProject
Project("{9A19103F-16F7-4668-BE54-9A1E7A4F7556}") = "EventBus.RabbitMQ", "src\BuildingBlocks\EventBus\EventBus.RabbitMQ\EventBus.RabbitMQ.csproj", "{E446E25C-135A-428A-8CA0-9A6EDFD13057}"
EndProject
Project("{9A19103F-16F7-4668-BE54-9A1E7A4F7556}") = "ReportService", "src\Services\ReportService\ReportService\ReportService.csproj", "{395D2962-DF4B-45E0-BC49-755CCCAE509D}"
EndProject
Project("{9A19103F-16F7-4668-BE54-9A1E7A4F7556}") = "EventBus.Business", "src\BuildingBlocks\EventBus\EventBus.Business\EventBus.Business.csproj", "{402619AC-08E0-4FEC-812E-D71EFBAAD17D}"
EndProject
Project("{9A19103F-16F7-4668-BE54-9A1E7A4F7556}") = "PhoneBook.Report.Api", "src\AppGateways\Report\PhoneBook.Report.Api\PhoneBook.Report.Api.csproj", "{D3876C2B-4EB6-4856-8F5D-75775B6C5CA2}"
EndProject
Project("{9A19103F-16F7-4668-BE54-9A1E7A4F7556}") = "PhoneBook.Report.Core", "src\AppGateways\Report\PhoneBook.Report.Core\PhoneBook.Report.Core.csproj", "{1749F0FA-8878-434B-A529-459498F12660}"
EndProject
Project("{9A19103F-16F7-4668-BE54-9A1E7A4F7556}") = "PhoneBook.Report.DataAccess", "src\AppGateways\Report\PhoneBook.Report.DataAccess\PhoneBook.Report.DataAccess.csproj", "{BB3E970B-0D76-4B47-8574-AF7BF445D33A}"
EndProject
Project("{9A19103F-16F7-4668-BE54-9A1E7A4F7556}") = "PhoneBook.Report.Business", "src\AppGateways\Report\PhoneBook.Report.Business\PhoneBook.Report.Business.csproj", "{4B5983F1-F48D-4AA7-8166-3BAD04CF7B94}"
EndProject
Project("{9A19103F-16F7-4668-BE54-9A1E7A4F7556}") = "PhoneBook.Report.Entities", "src\AppGateways\Report\PhoneBook.Report.Entities\PhoneBook.Report.Entities.csproj", "{97CE47A4-331D-495B-8FEB-27065A72D62A}"
EndProject
Project("{2150E333-8FDC-42A3-9474-1A3956D46DE8}") = "Data", "Data", "{8E3CACAC-7CE5-4E68-BE59-EC1D88FBA29F}"
EndProject
Project("{9A19103F-16F7-4668-BE54-9A1E7A4F7556}") = "PhoneBook.Data.Api", "src\AppGateways\Data\PhoneBook.Data.Api\PhoneBook.Data.Api.csproj", "{588E6776-BF52-4AF9-AAAA-EFAB8C6C8500}"
EndProject
Project("{9A19103F-16F7-4668-BE54-9A1E7A4F7556}") = "PhoneBook.Data.Core", "src\AppGateways\Data\PhoneBook.Data.Core\PhoneBook.Data.Core.csproj", "{C3653005-E8F9-4A31-877D-69BBE5A0854C}"
EndProject
Project("{9A19103F-16F7-4668-BE54-9A1E7A4F7556}") = "PhoneBook.Data.Entities", "src\AppGateways\Data\PhoneBook.Data.Entities\PhoneBook.Data.Entities.csproj", "{FC63EBC8-202F-4459-8265-E39CA7546D46}"
EndProject
Project("{9A19103F-16F7-4668-BE54-9A1E7A4F7556}") = "PhoneBook.Data.Business", "src\AppGateways\Data\PhoneBook.Data.Business\PhoneBook.Data.Business.csproj", "{9FACD6F0-24C7-4D7C-BC0C-F3C48F6F8D21}"
EndProject
Project("{9A19103F-16F7-4668-BE54-9A1E7A4F7556}") = "PhoneBook.Data.DataAccess", "src\AppGateways\Data\PhoneBook.Data.DataAccess\PhoneBook.Data.DataAccess.csproj", "{A5030775-C7E5-4A7C-9B63-5BFCC665154D}"
EndProject
Project("{9A19103F-16F7-4668-BE54-9A1E7A4F7556}") = "PhoneBook.Web.Entities", "src\Clients\Web\PhoneBook.Web.Entities\PhoneBook.Web.Entities.csproj", "{B941C1F3-518A-4931-A7BC-83F32B2A3CF0}"
EndProject
Project("{9A19103F-16F7-4668-BE54-9A1E7A4F7556}") = "ReportService.Business", "src\Services\ReportService\ReportService.Business\ReportService.Business.csproj", "{CCBC8E74-A2E0-4706-B819-F91606490F28}"
EndProject
Project("{9A19103F-16F7-4668-BE54-9A1E7A4F7556}") = "ReportService.Core", "src\Services\ReportService\ReportService.Core\ReportService.Core.csproj", "{09D3B771-BA6E-48DC-8D6B-76E13F264D4D}"
EndProject
Project("{9A19103F-16F7-4668-BE54-9A1E7A4F7556}") = "ReportService.Entities", "src\Services\ReportService\ReportService.Entities\ReportService.Entities.csproj", "{25834B68-A85E-4317-B020-6E73D557D51E}"
EndProject
Project("{9A19103F-16F7-4668-BE54-9A1E7A4F7556}") = "EventBus.Core", "src\BuildingBlocks\EventBus\EventBus.Core\EventBus.Core.csproj", "{97F21360-96ED-4328-A40A-B17BE1CB7FE5}"
EndProject
Project("{2150E333-8FDC-42A3-9474-1A3956D46DE8}") = "tests", "tests", "{C312A733-C777-446A-B6A8-A7C1A58A0643}"
EndProject
Project("{9A19103F-16F7-4668-BE54-9A1E7A4F7556}") = "Queue.UnitTest", "tests\UnitTestQueue\Queue.UnitTest\Queue.UnitTest.csproj", "{9841EFF8-A5DA-4E44-B073-E0BD151FC31D}"
EndProject
Project("{9A19103F-16F7-4668-BE54-9A1E7A4F7556}") = "DataApi.UnitTest", "tests\DataApi.UnitTest\DataApi.UnitTest.csproj", "{5BA8978B-7A54-46FE-86D2-04EC616D609E}"
EndProject
Project("{FAE04EC0-301F-11D3-BF4B-00C04F79EFBC}") = "ReportApi.UnitTest", "tests\ReportApi.UnitTest\ReportApi.UnitTest.csproj", "{A6438FBB-3FDD-4E06-AF97-1E23F5D0A4A8}"
EndProject
Global
	GlobalSection(SolutionConfigurationPlatforms) = preSolution
		Debug|Any CPU = Debug|Any CPU
		Release|Any CPU = Release|Any CPU
	EndGlobalSection
	GlobalSection(ProjectConfigurationPlatforms) = postSolution
		{BA2A8170-A972-4539-959E-0E48350A00EB}.Debug|Any CPU.ActiveCfg = Debug|Any CPU
		{BA2A8170-A972-4539-959E-0E48350A00EB}.Debug|Any CPU.Build.0 = Debug|Any CPU
		{BA2A8170-A972-4539-959E-0E48350A00EB}.Release|Any CPU.ActiveCfg = Release|Any CPU
		{BA2A8170-A972-4539-959E-0E48350A00EB}.Release|Any CPU.Build.0 = Release|Any CPU
		{260A68B1-1EB7-4DCA-9E0B-08531738D645}.Debug|Any CPU.ActiveCfg = Debug|Any CPU
		{260A68B1-1EB7-4DCA-9E0B-08531738D645}.Debug|Any CPU.Build.0 = Debug|Any CPU
		{260A68B1-1EB7-4DCA-9E0B-08531738D645}.Release|Any CPU.ActiveCfg = Release|Any CPU
		{260A68B1-1EB7-4DCA-9E0B-08531738D645}.Release|Any CPU.Build.0 = Release|Any CPU
		{76091520-EB30-49F9-BD4E-43D608CF8CEA}.Debug|Any CPU.ActiveCfg = Debug|Any CPU
		{76091520-EB30-49F9-BD4E-43D608CF8CEA}.Debug|Any CPU.Build.0 = Debug|Any CPU
		{76091520-EB30-49F9-BD4E-43D608CF8CEA}.Release|Any CPU.ActiveCfg = Release|Any CPU
		{76091520-EB30-49F9-BD4E-43D608CF8CEA}.Release|Any CPU.Build.0 = Release|Any CPU
		{E446E25C-135A-428A-8CA0-9A6EDFD13057}.Debug|Any CPU.ActiveCfg = Debug|Any CPU
		{E446E25C-135A-428A-8CA0-9A6EDFD13057}.Debug|Any CPU.Build.0 = Debug|Any CPU
		{E446E25C-135A-428A-8CA0-9A6EDFD13057}.Release|Any CPU.ActiveCfg = Release|Any CPU
		{E446E25C-135A-428A-8CA0-9A6EDFD13057}.Release|Any CPU.Build.0 = Release|Any CPU
		{395D2962-DF4B-45E0-BC49-755CCCAE509D}.Debug|Any CPU.ActiveCfg = Debug|Any CPU
		{395D2962-DF4B-45E0-BC49-755CCCAE509D}.Debug|Any CPU.Build.0 = Debug|Any CPU
		{395D2962-DF4B-45E0-BC49-755CCCAE509D}.Release|Any CPU.ActiveCfg = Release|Any CPU
		{395D2962-DF4B-45E0-BC49-755CCCAE509D}.Release|Any CPU.Build.0 = Release|Any CPU
		{402619AC-08E0-4FEC-812E-D71EFBAAD17D}.Debug|Any CPU.ActiveCfg = Debug|Any CPU
		{402619AC-08E0-4FEC-812E-D71EFBAAD17D}.Debug|Any CPU.Build.0 = Debug|Any CPU
		{402619AC-08E0-4FEC-812E-D71EFBAAD17D}.Release|Any CPU.ActiveCfg = Release|Any CPU
		{402619AC-08E0-4FEC-812E-D71EFBAAD17D}.Release|Any CPU.Build.0 = Release|Any CPU
		{D3876C2B-4EB6-4856-8F5D-75775B6C5CA2}.Debug|Any CPU.ActiveCfg = Debug|Any CPU
		{D3876C2B-4EB6-4856-8F5D-75775B6C5CA2}.Debug|Any CPU.Build.0 = Debug|Any CPU
		{D3876C2B-4EB6-4856-8F5D-75775B6C5CA2}.Release|Any CPU.ActiveCfg = Release|Any CPU
		{D3876C2B-4EB6-4856-8F5D-75775B6C5CA2}.Release|Any CPU.Build.0 = Release|Any CPU
		{1749F0FA-8878-434B-A529-459498F12660}.Debug|Any CPU.ActiveCfg = Debug|Any CPU
		{1749F0FA-8878-434B-A529-459498F12660}.Debug|Any CPU.Build.0 = Debug|Any CPU
		{1749F0FA-8878-434B-A529-459498F12660}.Release|Any CPU.ActiveCfg = Release|Any CPU
		{1749F0FA-8878-434B-A529-459498F12660}.Release|Any CPU.Build.0 = Release|Any CPU
		{BB3E970B-0D76-4B47-8574-AF7BF445D33A}.Debug|Any CPU.ActiveCfg = Debug|Any CPU
		{BB3E970B-0D76-4B47-8574-AF7BF445D33A}.Debug|Any CPU.Build.0 = Debug|Any CPU
		{BB3E970B-0D76-4B47-8574-AF7BF445D33A}.Release|Any CPU.ActiveCfg = Release|Any CPU
		{BB3E970B-0D76-4B47-8574-AF7BF445D33A}.Release|Any CPU.Build.0 = Release|Any CPU
		{4B5983F1-F48D-4AA7-8166-3BAD04CF7B94}.Debug|Any CPU.ActiveCfg = Debug|Any CPU
		{4B5983F1-F48D-4AA7-8166-3BAD04CF7B94}.Debug|Any CPU.Build.0 = Debug|Any CPU
		{4B5983F1-F48D-4AA7-8166-3BAD04CF7B94}.Release|Any CPU.ActiveCfg = Release|Any CPU
		{4B5983F1-F48D-4AA7-8166-3BAD04CF7B94}.Release|Any CPU.Build.0 = Release|Any CPU
		{97CE47A4-331D-495B-8FEB-27065A72D62A}.Debug|Any CPU.ActiveCfg = Debug|Any CPU
		{97CE47A4-331D-495B-8FEB-27065A72D62A}.Debug|Any CPU.Build.0 = Debug|Any CPU
		{97CE47A4-331D-495B-8FEB-27065A72D62A}.Release|Any CPU.ActiveCfg = Release|Any CPU
		{97CE47A4-331D-495B-8FEB-27065A72D62A}.Release|Any CPU.Build.0 = Release|Any CPU
		{588E6776-BF52-4AF9-AAAA-EFAB8C6C8500}.Debug|Any CPU.ActiveCfg = Debug|Any CPU
		{588E6776-BF52-4AF9-AAAA-EFAB8C6C8500}.Debug|Any CPU.Build.0 = Debug|Any CPU
		{588E6776-BF52-4AF9-AAAA-EFAB8C6C8500}.Release|Any CPU.ActiveCfg = Release|Any CPU
		{588E6776-BF52-4AF9-AAAA-EFAB8C6C8500}.Release|Any CPU.Build.0 = Release|Any CPU
		{C3653005-E8F9-4A31-877D-69BBE5A0854C}.Debug|Any CPU.ActiveCfg = Debug|Any CPU
		{C3653005-E8F9-4A31-877D-69BBE5A0854C}.Debug|Any CPU.Build.0 = Debug|Any CPU
		{C3653005-E8F9-4A31-877D-69BBE5A0854C}.Release|Any CPU.ActiveCfg = Release|Any CPU
		{C3653005-E8F9-4A31-877D-69BBE5A0854C}.Release|Any CPU.Build.0 = Release|Any CPU
		{FC63EBC8-202F-4459-8265-E39CA7546D46}.Debug|Any CPU.ActiveCfg = Debug|Any CPU
		{FC63EBC8-202F-4459-8265-E39CA7546D46}.Debug|Any CPU.Build.0 = Debug|Any CPU
		{FC63EBC8-202F-4459-8265-E39CA7546D46}.Release|Any CPU.ActiveCfg = Release|Any CPU
		{FC63EBC8-202F-4459-8265-E39CA7546D46}.Release|Any CPU.Build.0 = Release|Any CPU
		{9FACD6F0-24C7-4D7C-BC0C-F3C48F6F8D21}.Debug|Any CPU.ActiveCfg = Debug|Any CPU
		{9FACD6F0-24C7-4D7C-BC0C-F3C48F6F8D21}.Debug|Any CPU.Build.0 = Debug|Any CPU
		{9FACD6F0-24C7-4D7C-BC0C-F3C48F6F8D21}.Release|Any CPU.ActiveCfg = Release|Any CPU
		{9FACD6F0-24C7-4D7C-BC0C-F3C48F6F8D21}.Release|Any CPU.Build.0 = Release|Any CPU
		{A5030775-C7E5-4A7C-9B63-5BFCC665154D}.Debug|Any CPU.ActiveCfg = Debug|Any CPU
		{A5030775-C7E5-4A7C-9B63-5BFCC665154D}.Debug|Any CPU.Build.0 = Debug|Any CPU
		{A5030775-C7E5-4A7C-9B63-5BFCC665154D}.Release|Any CPU.ActiveCfg = Release|Any CPU
		{A5030775-C7E5-4A7C-9B63-5BFCC665154D}.Release|Any CPU.Build.0 = Release|Any CPU
		{B941C1F3-518A-4931-A7BC-83F32B2A3CF0}.Debug|Any CPU.ActiveCfg = Debug|Any CPU
		{B941C1F3-518A-4931-A7BC-83F32B2A3CF0}.Debug|Any CPU.Build.0 = Debug|Any CPU
		{B941C1F3-518A-4931-A7BC-83F32B2A3CF0}.Release|Any CPU.ActiveCfg = Release|Any CPU
		{B941C1F3-518A-4931-A7BC-83F32B2A3CF0}.Release|Any CPU.Build.0 = Release|Any CPU
		{CCBC8E74-A2E0-4706-B819-F91606490F28}.Debug|Any CPU.ActiveCfg = Debug|Any CPU
		{CCBC8E74-A2E0-4706-B819-F91606490F28}.Debug|Any CPU.Build.0 = Debug|Any CPU
		{CCBC8E74-A2E0-4706-B819-F91606490F28}.Release|Any CPU.ActiveCfg = Release|Any CPU
		{CCBC8E74-A2E0-4706-B819-F91606490F28}.Release|Any CPU.Build.0 = Release|Any CPU
		{09D3B771-BA6E-48DC-8D6B-76E13F264D4D}.Debug|Any CPU.ActiveCfg = Debug|Any CPU
		{09D3B771-BA6E-48DC-8D6B-76E13F264D4D}.Debug|Any CPU.Build.0 = Debug|Any CPU
		{09D3B771-BA6E-48DC-8D6B-76E13F264D4D}.Release|Any CPU.ActiveCfg = Release|Any CPU
		{09D3B771-BA6E-48DC-8D6B-76E13F264D4D}.Release|Any CPU.Build.0 = Release|Any CPU
		{25834B68-A85E-4317-B020-6E73D557D51E}.Debug|Any CPU.ActiveCfg = Debug|Any CPU
		{25834B68-A85E-4317-B020-6E73D557D51E}.Debug|Any CPU.Build.0 = Debug|Any CPU
		{25834B68-A85E-4317-B020-6E73D557D51E}.Release|Any CPU.ActiveCfg = Release|Any CPU
		{25834B68-A85E-4317-B020-6E73D557D51E}.Release|Any CPU.Build.0 = Release|Any CPU
		{97F21360-96ED-4328-A40A-B17BE1CB7FE5}.Debug|Any CPU.ActiveCfg = Debug|Any CPU
		{97F21360-96ED-4328-A40A-B17BE1CB7FE5}.Debug|Any CPU.Build.0 = Debug|Any CPU
		{97F21360-96ED-4328-A40A-B17BE1CB7FE5}.Release|Any CPU.ActiveCfg = Release|Any CPU
		{97F21360-96ED-4328-A40A-B17BE1CB7FE5}.Release|Any CPU.Build.0 = Release|Any CPU
		{9841EFF8-A5DA-4E44-B073-E0BD151FC31D}.Debug|Any CPU.ActiveCfg = Debug|Any CPU
		{9841EFF8-A5DA-4E44-B073-E0BD151FC31D}.Debug|Any CPU.Build.0 = Debug|Any CPU
		{9841EFF8-A5DA-4E44-B073-E0BD151FC31D}.Release|Any CPU.ActiveCfg = Release|Any CPU
		{9841EFF8-A5DA-4E44-B073-E0BD151FC31D}.Release|Any CPU.Build.0 = Release|Any CPU
		{5BA8978B-7A54-46FE-86D2-04EC616D609E}.Debug|Any CPU.ActiveCfg = Debug|Any CPU
		{5BA8978B-7A54-46FE-86D2-04EC616D609E}.Debug|Any CPU.Build.0 = Debug|Any CPU
		{5BA8978B-7A54-46FE-86D2-04EC616D609E}.Release|Any CPU.ActiveCfg = Release|Any CPU
		{5BA8978B-7A54-46FE-86D2-04EC616D609E}.Release|Any CPU.Build.0 = Release|Any CPU
		{A6438FBB-3FDD-4E06-AF97-1E23F5D0A4A8}.Debug|Any CPU.ActiveCfg = Debug|Any CPU
		{A6438FBB-3FDD-4E06-AF97-1E23F5D0A4A8}.Debug|Any CPU.Build.0 = Debug|Any CPU
		{A6438FBB-3FDD-4E06-AF97-1E23F5D0A4A8}.Release|Any CPU.ActiveCfg = Release|Any CPU
		{A6438FBB-3FDD-4E06-AF97-1E23F5D0A4A8}.Release|Any CPU.Build.0 = Release|Any CPU
	EndGlobalSection
	GlobalSection(SolutionProperties) = preSolution
		HideSolutionNode = FALSE
	EndGlobalSection
	GlobalSection(NestedProjects) = preSolution
		{ED78AB4D-7029-4F70-8E20-52EB4BAD7AA9} = {883D6593-F8C6-4A1E-A132-DE532E51EA9D}
		{4456ECC6-C505-4E63-A99B-A603C6FE21A0} = {883D6593-F8C6-4A1E-A132-DE532E51EA9D}
		{C89FA778-A04A-422A-83E2-AA84B3510027} = {4456ECC6-C505-4E63-A99B-A603C6FE21A0}
		{BA2A8170-A972-4539-959E-0E48350A00EB} = {C89FA778-A04A-422A-83E2-AA84B3510027}
		{260A68B1-1EB7-4DCA-9E0B-08531738D645} = {C89FA778-A04A-422A-83E2-AA84B3510027}
		{76091520-EB30-49F9-BD4E-43D608CF8CEA} = {C89FA778-A04A-422A-83E2-AA84B3510027}
		{A725B616-C59C-44C1-89C8-F0FC6F6742E9} = {ED78AB4D-7029-4F70-8E20-52EB4BAD7AA9}
		{65C94D01-A13C-4B71-9F7C-0738801FB32E} = {883D6593-F8C6-4A1E-A132-DE532E51EA9D}
		{5CCFAE29-04F1-4CCB-94AD-194311E11862} = {65C94D01-A13C-4B71-9F7C-0738801FB32E}
		{0B9B6382-45F5-46FB-AD73-A01B387E0873} = {883D6593-F8C6-4A1E-A132-DE532E51EA9D}
		{28911D5E-E450-447B-B477-EF4F32ACB815} = {0B9B6382-45F5-46FB-AD73-A01B387E0873}
		{E446E25C-135A-428A-8CA0-9A6EDFD13057} = {28911D5E-E450-447B-B477-EF4F32ACB815}
		{395D2962-DF4B-45E0-BC49-755CCCAE509D} = {A725B616-C59C-44C1-89C8-F0FC6F6742E9}
		{402619AC-08E0-4FEC-812E-D71EFBAAD17D} = {28911D5E-E450-447B-B477-EF4F32ACB815}
		{D3876C2B-4EB6-4856-8F5D-75775B6C5CA2} = {5CCFAE29-04F1-4CCB-94AD-194311E11862}
		{1749F0FA-8878-434B-A529-459498F12660} = {5CCFAE29-04F1-4CCB-94AD-194311E11862}
		{BB3E970B-0D76-4B47-8574-AF7BF445D33A} = {5CCFAE29-04F1-4CCB-94AD-194311E11862}
		{4B5983F1-F48D-4AA7-8166-3BAD04CF7B94} = {5CCFAE29-04F1-4CCB-94AD-194311E11862}
		{97CE47A4-331D-495B-8FEB-27065A72D62A} = {5CCFAE29-04F1-4CCB-94AD-194311E11862}
		{8E3CACAC-7CE5-4E68-BE59-EC1D88FBA29F} = {65C94D01-A13C-4B71-9F7C-0738801FB32E}
		{588E6776-BF52-4AF9-AAAA-EFAB8C6C8500} = {8E3CACAC-7CE5-4E68-BE59-EC1D88FBA29F}
		{C3653005-E8F9-4A31-877D-69BBE5A0854C} = {8E3CACAC-7CE5-4E68-BE59-EC1D88FBA29F}
		{FC63EBC8-202F-4459-8265-E39CA7546D46} = {8E3CACAC-7CE5-4E68-BE59-EC1D88FBA29F}
		{9FACD6F0-24C7-4D7C-BC0C-F3C48F6F8D21} = {8E3CACAC-7CE5-4E68-BE59-EC1D88FBA29F}
		{A5030775-C7E5-4A7C-9B63-5BFCC665154D} = {8E3CACAC-7CE5-4E68-BE59-EC1D88FBA29F}
		{B941C1F3-518A-4931-A7BC-83F32B2A3CF0} = {C89FA778-A04A-422A-83E2-AA84B3510027}
		{CCBC8E74-A2E0-4706-B819-F91606490F28} = {A725B616-C59C-44C1-89C8-F0FC6F6742E9}
		{09D3B771-BA6E-48DC-8D6B-76E13F264D4D} = {A725B616-C59C-44C1-89C8-F0FC6F6742E9}
		{25834B68-A85E-4317-B020-6E73D557D51E} = {A725B616-C59C-44C1-89C8-F0FC6F6742E9}
		{97F21360-96ED-4328-A40A-B17BE1CB7FE5} = {28911D5E-E450-447B-B477-EF4F32ACB815}
		{9841EFF8-A5DA-4E44-B073-E0BD151FC31D} = {C312A733-C777-446A-B6A8-A7C1A58A0643}
		{5BA8978B-7A54-46FE-86D2-04EC616D609E} = {C312A733-C777-446A-B6A8-A7C1A58A0643}
		{A6438FBB-3FDD-4E06-AF97-1E23F5D0A4A8} = {C312A733-C777-446A-B6A8-A7C1A58A0643}
	EndGlobalSection
	GlobalSection(ExtensibilityGlobals) = postSolution
		SolutionGuid = {4DAE62CF-E4D3-4731-8663-DCC653FB0327}
	EndGlobalSection
EndGlobal
